
Microsoft Visual Studio Solution File, Format Version 12.00
# Visual Studio Version 16
VisualStudioVersion = 16.0.32929.386
MinimumVisualStudioVersion = 10.0.40219.1
Project("{FAE04EC0-301F-11D3-BF4B-00C04F79EFBC}") = "GameStop", "GameStop\GameStop.csproj", "{20DB9E72-574E-4373-AD87-98AD31674CDE}"
EndProject
Global
	GlobalSection(SolutionConfigurationPlatforms) = preSolution
		Debug|Any CPU = Debug|Any CPU
		Release|Any CPU = Release|Any CPU
	EndGlobalSection
	GlobalSection(ProjectConfigurationPlatforms) = postSolution
		{20DB9E72-574E-4373-AD87-98AD31674CDE}.Debug|Any CPU.ActiveCfg = Debug|Any CPU
		{20DB9E72-574E-4373-AD87-98AD31674CDE}.Debug|Any CPU.Build.0 = Debug|Any CPU
		{20DB9E72-574E-4373-AD87-98AD31674CDE}.Release|Any CPU.ActiveCfg = Release|Any CPU
		{20DB9E72-574E-4373-AD87-98AD31674CDE}.Release|Any CPU.Build.0 = Release|Any CPU
	EndGlobalSection
	GlobalSection(SolutionProperties) = preSolution
		HideSolutionNode = FALSE
	EndGlobalSection
	GlobalSection(ExtensibilityGlobals) = postSolution
		SolutionGuid = {778AEFB2-4B03-4BCB-8CD2-95251B6B6E0B}
	EndGlobalSection
EndGlobal
